
Microsoft Visual Studio Solution File, Format Version 12.00
# Visual Studio Version 17
VisualStudioVersion = 17.4.33213.308
MinimumVisualStudioVersion = 10.0.40219.1
Project("{9A19103F-16F7-4668-BE54-9A1E7A4F7556}") = "Nox.Ui", "Nox.Ui\Nox.Ui.csproj", "{B3EC8AD3-2FA8-4516-8402-56AD69D81380}"
EndProject
Project("{FAE04EC0-301F-11D3-BF4B-00C04F79EFBC}") = "Nox.Ui.Models", "Nox.Ui.Models\Nox.Ui.Models.csproj", "{7CC9375E-0C00-4789-919B-5A5548603FF6}"
EndProject
Project("{FAE04EC0-301F-11D3-BF4B-00C04F79EFBC}") = "Nox.Ui.Data", "Nox.Ui.Data\Nox.Ui.Data.csproj", "{0514AF02-3E8C-4B0F-A649-EA3208663FAF}"
EndProject
Global
	GlobalSection(SolutionConfigurationPlatforms) = preSolution
		Debug|Any CPU = Debug|Any CPU
		Release|Any CPU = Release|Any CPU
	EndGlobalSection
	GlobalSection(ProjectConfigurationPlatforms) = postSolution
		{B3EC8AD3-2FA8-4516-8402-56AD69D81380}.Debug|Any CPU.ActiveCfg = Debug|Any CPU
		{B3EC8AD3-2FA8-4516-8402-56AD69D81380}.Debug|Any CPU.Build.0 = Debug|Any CPU
		{B3EC8AD3-2FA8-4516-8402-56AD69D81380}.Release|Any CPU.ActiveCfg = Release|Any CPU
		{B3EC8AD3-2FA8-4516-8402-56AD69D81380}.Release|Any CPU.Build.0 = Release|Any CPU
		{7CC9375E-0C00-4789-919B-5A5548603FF6}.Debug|Any CPU.ActiveCfg = Debug|Any CPU
		{7CC9375E-0C00-4789-919B-5A5548603FF6}.Debug|Any CPU.Build.0 = Debug|Any CPU
		{7CC9375E-0C00-4789-919B-5A5548603FF6}.Release|Any CPU.ActiveCfg = Release|Any CPU
		{7CC9375E-0C00-4789-919B-5A5548603FF6}.Release|Any CPU.Build.0 = Release|Any CPU
		{0514AF02-3E8C-4B0F-A649-EA3208663FAF}.Debug|Any CPU.ActiveCfg = Debug|Any CPU
		{0514AF02-3E8C-4B0F-A649-EA3208663FAF}.Debug|Any CPU.Build.0 = Debug|Any CPU
		{0514AF02-3E8C-4B0F-A649-EA3208663FAF}.Release|Any CPU.ActiveCfg = Release|Any CPU
		{0514AF02-3E8C-4B0F-A649-EA3208663FAF}.Release|Any CPU.Build.0 = Release|Any CPU
	EndGlobalSection
	GlobalSection(SolutionProperties) = preSolution
		HideSolutionNode = FALSE
	EndGlobalSection
	GlobalSection(ExtensibilityGlobals) = postSolution
		SolutionGuid = {24905FCC-226E-4A05-822E-5B8E1ED4823A}
	EndGlobalSection
EndGlobal
